
Microsoft Visual Studio Solution File, Format Version 12.00
# Visual Studio Version 17
VisualStudioVersion = 17.14.36221.1 d17.14
MinimumVisualStudioVersion = 10.0.40219.1
Project("{FAE04EC0-301F-11D3-BF4B-00C04F79EFBC}") = "WebApplication2", "WebApplication2\WebApplication2.csproj", "{BEF5B07D-BF50-40FC-A019-0BD97DA1779E}"
EndProject
Global
	GlobalSection(SolutionConfigurationPlatforms) = preSolution
		Debug|Any CPU = Debug|Any CPU
		Release|Any CPU = Release|Any CPU
	EndGlobalSection
	GlobalSection(ProjectConfigurationPlatforms) = postSolution
		{BEF5B07D-BF50-40FC-A019-0BD97DA1779E}.Debug|Any CPU.ActiveCfg = Debug|Any CPU
		{BEF5B07D-BF50-40FC-A019-0BD97DA1779E}.Debug|Any CPU.Build.0 = Debug|Any CPU
		{BEF5B07D-BF50-40FC-A019-0BD97DA1779E}.Release|Any CPU.ActiveCfg = Release|Any CPU
		{BEF5B07D-BF50-40FC-A019-0BD97DA1779E}.Release|Any CPU.Build.0 = Release|Any CPU
	EndGlobalSection
	GlobalSection(SolutionProperties) = preSolution
		HideSolutionNode = FALSE
	EndGlobalSection
	GlobalSection(ExtensibilityGlobals) = postSolution
		SolutionGuid = {F6CB04D5-4AB5-474A-93D9-421A924B74F5}
	EndGlobalSection
EndGlobal
