
Microsoft Visual Studio Solution File, Format Version 12.00
# Visual Studio Version 17
VisualStudioVersion = 17.14.36221.1 d17.14
MinimumVisualStudioVersion = 10.0.40219.1
Project("{FAE04EC0-301F-11D3-BF4B-00C04F79EFBC}") = "WEBpplication3", "WEBpplication3\WEBpplication3.csproj", "{CC1CD549-31DF-47F5-A44B-51892455745F}"
EndProject
Global
	GlobalSection(SolutionConfigurationPlatforms) = preSolution
		Debug|Any CPU = Debug|Any CPU
		Release|Any CPU = Release|Any CPU
	EndGlobalSection
	GlobalSection(ProjectConfigurationPlatforms) = postSolution
		{CC1CD549-31DF-47F5-A44B-51892455745F}.Debug|Any CPU.ActiveCfg = Debug|Any CPU
		{CC1CD549-31DF-47F5-A44B-51892455745F}.Debug|Any CPU.Build.0 = Debug|Any CPU
		{CC1CD549-31DF-47F5-A44B-51892455745F}.Release|Any CPU.ActiveCfg = Release|Any CPU
		{CC1CD549-31DF-47F5-A44B-51892455745F}.Release|Any CPU.Build.0 = Release|Any CPU
	EndGlobalSection
	GlobalSection(SolutionProperties) = preSolution
		HideSolutionNode = FALSE
	EndGlobalSection
	GlobalSection(ExtensibilityGlobals) = postSolution
		SolutionGuid = {F784CAF6-EC4C-4DDB-8D49-CEE3BC86A423}
	EndGlobalSection
EndGlobal
